// !$*UTF8*$!
{
	archiveVersion = 1;
	classes = {
	};
	objectVersion = 50;
	objects = {

/* Begin PBXBuildFile section */
		CF218FC32290552700DD74A3 /* Stock.swift in Sources */ = {isa = PBXBuildFile; fileRef = CF218FC22290552700DD74A3 /* Stock.swift */; };
		CF301E53212264A30050C5DA /* MainScreenVC.swift in Sources */ = {isa = PBXBuildFile; fileRef = CF301E52212264A30050C5DA /* MainScreenVC.swift */; };
		CF342D8B211FA6960009DB13 /* SymbolNetworkCall.swift in Sources */ = {isa = PBXBuildFile; fileRef = CF342D8A211FA6960009DB13 /* SymbolNetworkCall.swift */; };
		CF6C5C4521114F6100220F97 /* StockBarView.swift in Sources */ = {isa = PBXBuildFile; fileRef = CF6C5C4421114F6100220F97 /* StockBarView.swift */; };
		CF92CE042126405C00DF3225 /* StockTableCell.swift in Sources */ = {isa = PBXBuildFile; fileRef = CF92CE032126405C00DF3225 /* StockTableCell.swift */; };
		CFA41CB920DEB0AC0011EF30 /* AppDelegate.swift in Sources */ = {isa = PBXBuildFile; fileRef = CFA41CB820DEB0AC0011EF30 /* AppDelegate.swift */; };
		CFA41CBB20DEB0AC0011EF30 /* SearchAddVC.swift in Sources */ = {isa = PBXBuildFile; fileRef = CFA41CBA20DEB0AC0011EF30 /* SearchAddVC.swift */; };
		CFA41CBE20DEB0AC0011EF30 /* Main.storyboard in Resources */ = {isa = PBXBuildFile; fileRef = CFA41CBC20DEB0AC0011EF30 /* Main.storyboard */; };
		CFA41CC020DEB0AE0011EF30 /* Assets.xcassets in Resources */ = {isa = PBXBuildFile; fileRef = CFA41CBF20DEB0AE0011EF30 /* Assets.xcassets */; };
		CFA41CC320DEB0AE0011EF30 /* LaunchScreen.storyboard in Resources */ = {isa = PBXBuildFile; fileRef = CFA41CC120DEB0AE0011EF30 /* LaunchScreen.storyboard */; };
		CFA41CCB20DECFF80011EF30 /* StockInfo.swift in Sources */ = {isa = PBXBuildFile; fileRef = CFA41CCA20DECFF80011EF30 /* StockInfo.swift */; };
		CFF4CCB420E8157B00A063BF /* StockStats.swift in Sources */ = {isa = PBXBuildFile; fileRef = CFF4CCB320E8157B00A063BF /* StockStats.swift */; };
/* End PBXBuildFile section */

/* Begin PBXFileReference section */
		CF218FC22290552700DD74A3 /* Stock.swift */ = {isa = PBXFileReference; lastKnownFileType = sourcecode.swift; path = Stock.swift; sourceTree = "<group>"; };
		CF301E52212264A30050C5DA /* MainScreenVC.swift */ = {isa = PBXFileReference; lastKnownFileType = sourcecode.swift; path = MainScreenVC.swift; sourceTree = "<group>"; };
		CF342D8A211FA6960009DB13 /* SymbolNetworkCall.swift */ = {isa = PBXFileReference; lastKnownFileType = sourcecode.swift; path = SymbolNetworkCall.swift; sourceTree = "<group>"; };
		CF6C5C4421114F6100220F97 /* StockBarView.swift */ = {isa = PBXFileReference; fileEncoding = 4; lastKnownFileType = sourcecode.swift; path = StockBarView.swift; sourceTree = "<group>"; };
		CF92CE032126405C00DF3225 /* StockTableCell.swift */ = {isa = PBXFileReference; lastKnownFileType = sourcecode.swift; path = StockTableCell.swift; sourceTree = "<group>"; };
		CFA41CB520DEB0AC0011EF30 /* Stock_IEX_API.app */ = {isa = PBXFileReference; explicitFileType = wrapper.application; includeInIndex = 0; path = Stock_IEX_API.app; sourceTree = BUILT_PRODUCTS_DIR; };
		CFA41CB820DEB0AC0011EF30 /* AppDelegate.swift */ = {isa = PBXFileReference; lastKnownFileType = sourcecode.swift; path = AppDelegate.swift; sourceTree = "<group>"; };
		CFA41CBA20DEB0AC0011EF30 /* SearchAddVC.swift */ = {isa = PBXFileReference; lastKnownFileType = sourcecode.swift; path = SearchAddVC.swift; sourceTree = "<group>"; };
		CFA41CBD20DEB0AC0011EF30 /* Base */ = {isa = PBXFileReference; lastKnownFileType = file.storyboard; name = Base; path = Base.lproj/Main.storyboard; sourceTree = "<group>"; };
		CFA41CBF20DEB0AE0011EF30 /* Assets.xcassets */ = {isa = PBXFileReference; lastKnownFileType = folder.assetcatalog; path = Assets.xcassets; sourceTree = "<group>"; };
		CFA41CC220DEB0AE0011EF30 /* Base */ = {isa = PBXFileReference; lastKnownFileType = file.storyboard; name = Base; path = Base.lproj/LaunchScreen.storyboard; sourceTree = "<group>"; };
		CFA41CC420DEB0AE0011EF30 /* Info.plist */ = {isa = PBXFileReference; lastKnownFileType = text.plist.xml; path = Info.plist; sourceTree = "<group>"; };
		CFA41CCA20DECFF80011EF30 /* StockInfo.swift */ = {isa = PBXFileReference; lastKnownFileType = sourcecode.swift; path = StockInfo.swift; sourceTree = "<group>"; };
		CFF4CCB320E8157B00A063BF /* StockStats.swift */ = {isa = PBXFileReference; lastKnownFileType = sourcecode.swift; path = StockStats.swift; sourceTree = "<group>"; };
/* End PBXFileReference section */

/* Begin PBXFrameworksBuildPhase section */
		CFA41CB220DEB0AC0011EF30 /* Frameworks */ = {
			isa = PBXFrameworksBuildPhase;
			buildActionMask = 2147483647;
			files = (
			);
			runOnlyForDeploymentPostprocessing = 0;
		};
/* End PBXFrameworksBuildPhase section */

/* Begin PBXGroup section */
		CF35BDD921166BD300A4259E /* View */ = {
			isa = PBXGroup;
			children = (
				CF6C5C4421114F6100220F97 /* StockBarView.swift */,
				CFA41CBC20DEB0AC0011EF30 /* Main.storyboard */,
				CF92CE032126405C00DF3225 /* StockTableCell.swift */,
			);
			path = View;
			sourceTree = "<group>";
		};
		CF35BDDA21166C0100A4259E /* Model */ = {
			isa = PBXGroup;
			children = (
				CFA41CCA20DECFF80011EF30 /* StockInfo.swift */,
				CFF4CCB320E8157B00A063BF /* StockStats.swift */,
				CF342D8A211FA6960009DB13 /* SymbolNetworkCall.swift */,
				CF218FC22290552700DD74A3 /* Stock.swift */,
			);
			path = Model;
			sourceTree = "<group>";
		};
		CF35BDDB21166C1200A4259E /* Controller */ = {
			isa = PBXGroup;
			children = (
				CFA41CBA20DEB0AC0011EF30 /* SearchAddVC.swift */,
				CF301E52212264A30050C5DA /* MainScreenVC.swift */,
			);
			path = Controller;
			sourceTree = "<group>";
		};
		CFA41CAC20DEB0AC0011EF30 = {
			isa = PBXGroup;
			children = (
				CFA41CB720DEB0AC0011EF30 /* Stock_IEX_API */,
				CFA41CB620DEB0AC0011EF30 /* Products */,
			);
			sourceTree = "<group>";
		};
		CFA41CB620DEB0AC0011EF30 /* Products */ = {
			isa = PBXGroup;
			children = (
				CFA41CB520DEB0AC0011EF30 /* Stock_IEX_API.app */,
			);
			name = Products;
			sourceTree = "<group>";
		};
		CFA41CB720DEB0AC0011EF30 /* Stock_IEX_API */ = {
			isa = PBXGroup;
			children = (
				CF35BDDA21166C0100A4259E /* Model */,
				CF35BDD921166BD300A4259E /* View */,
				CF35BDDB21166C1200A4259E /* Controller */,
				CFA41CB820DEB0AC0011EF30 /* AppDelegate.swift */,
				CFA41CBF20DEB0AE0011EF30 /* Assets.xcassets */,
				CFA41CC120DEB0AE0011EF30 /* LaunchScreen.storyboard */,
				CFA41CC420DEB0AE0011EF30 /* Info.plist */,
			);
			path = Stock_IEX_API;
			sourceTree = "<group>";
		};
/* End PBXGroup section */

/* Begin PBXNativeTarget section */
		CFA41CB420DEB0AC0011EF30 /* Stock_IEX_API */ = {
			isa = PBXNativeTarget;
			buildConfigurationList = CFA41CC720DEB0AE0011EF30 /* Build configuration list for PBXNativeTarget "Stock_IEX_API" */;
			buildPhases = (
				CFA41CB120DEB0AC0011EF30 /* Sources */,
				CFA41CB220DEB0AC0011EF30 /* Frameworks */,
				CFA41CB320DEB0AC0011EF30 /* Resources */,
			);
			buildRules = (
			);
			dependencies = (
			);
			name = Stock_IEX_API;
			productName = Stock_IEX_API;
			productReference = CFA41CB520DEB0AC0011EF30 /* Stock_IEX_API.app */;
			productType = "com.apple.product-type.application";
		};
/* End PBXNativeTarget section */

/* Begin PBXProject section */
		CFA41CAD20DEB0AC0011EF30 /* Project object */ = {
			isa = PBXProject;
			attributes = {
				LastSwiftUpdateCheck = 0940;
				LastUpgradeCheck = 0940;
				ORGANIZATIONNAME = "Shane Talbert";
				TargetAttributes = {
					CFA41CB420DEB0AC0011EF30 = {
						CreatedOnToolsVersion = 9.4.1;
					};
				};
			};
			buildConfigurationList = CFA41CB020DEB0AC0011EF30 /* Build configuration list for PBXProject "Stock_IEX_API" */;
			compatibilityVersion = "Xcode 9.3";
			developmentRegion = en;
			hasScannedForEncodings = 0;
			knownRegions = (
				en,
				Base,
			);
			mainGroup = CFA41CAC20DEB0AC0011EF30;
			productRefGroup = CFA41CB620DEB0AC0011EF30 /* Products */;
			projectDirPath = "";
			projectRoot = "";
			targets = (
				CFA41CB420DEB0AC0011EF30 /* Stock_IEX_API */,
			);
		};
/* End PBXProject section */

/* Begin PBXResourcesBuildPhase section */
		CFA41CB320DEB0AC0011EF30 /* Resources */ = {
			isa = PBXResourcesBuildPhase;
			buildActionMask = 2147483647;
			files = (
				CFA41CC320DEB0AE0011EF30 /* LaunchScreen.storyboard in Resources */,
				CFA41CC020DEB0AE0011EF30 /* Assets.xcassets in Resources */,
				CFA41CBE20DEB0AC0011EF30 /* Main.storyboard in Resources */,
			);
			runOnlyForDeploymentPostprocessing = 0;
		};
/* End PBXResourcesBuildPhase section */

/* Begin PBXSourcesBuildPhase section */
		CFA41CB120DEB0AC0011EF30 /* Sources */ = {
			isa = PBXSourcesBuildPhase;
			buildActionMask = 2147483647;
			files = (
				CF301E53212264A30050C5DA /* MainScreenVC.swift in Sources */,
				CFA41CCB20DECFF80011EF30 /* StockInfo.swift in Sources */,
				CFA41CBB20DEB0AC0011EF30 /* SearchAddVC.swift in Sources */,
				CF92CE042126405C00DF3225 /* StockTableCell.swift in Sources */,
				CFF4CCB420E8157B00A063BF /* StockStats.swift in Sources */,
				CF6C5C4521114F6100220F97 /* StockBarView.swift in Sources */,
				CF342D8B211FA6960009DB13 /* SymbolNetworkCall.swift in Sources */,
				CFA41CB920DEB0AC0011EF30 /* AppDelegate.swift in Sources */,
				CF218FC32290552700DD74A3 /* Stock.swift in Sources */,
			);
			runOnlyForDeploymentPostprocessing = 0;
		};
/* End PBXSourcesBuildPhase section */

/* Begin PBXVariantGroup section */
		CFA41CBC20DEB0AC0011EF30 /* Main.storyboard */ = {
			isa = PBXVariantGroup;
			children = (
				CFA41CBD20DEB0AC0011EF30 /* Base */,
			);
			name = Main.storyboard;
			sourceTree = "<group>";
		};
		CFA41CC120DEB0AE0011EF30 /* LaunchScreen.storyboard */ = {
			isa = PBXVariantGroup;
			children = (
				CFA41CC220DEB0AE0011EF30 /* Base */,
			);
			name = LaunchScreen.storyboard;
			sourceTree = "<group>";
		};
/* End PBXVariantGroup section */

/* Begin XCBuildConfiguration section */
		CFA41CC520DEB0AE0011EF30 /* Debug */ = {
			isa = XCBuildConfiguration;
			buildSettings = {
				ALWAYS_SEARCH_USER_PATHS = NO;
				CLANG_ANALYZER_NONNULL = YES;
				CLANG_ANALYZER_NUMBER_OBJECT_CONVERSION = YES_AGGRESSIVE;
				CLANG_CXX_LANGUAGE_STANDARD = "gnu++14";
				CLANG_CXX_LIBRARY = "libc++";
				CLANG_ENABLE_MODULES = YES;
				CLANG_ENABLE_OBJC_ARC = YES;
				CLANG_ENABLE_OBJC_WEAK = YES;
				CLANG_WARN_BLOCK_CAPTURE_AUTORELEASING = YES;
				CLANG_WARN_BOOL_CONVERSION = YES;
				CLANG_WARN_COMMA = YES;
				CLANG_WARN_CONSTANT_CONVERSION = YES;
				CLANG_WARN_DEPRECATED_OBJC_IMPLEMENTATIONS = YES;
				CLANG_WARN_DIRECT_OBJC_ISA_USAGE = YES_ERROR;
				CLANG_WARN_DOCUMENTATION_COMMENTS = YES;
				CLANG_WARN_EMPTY_BODY = YES;
				CLANG_WARN_ENUM_CONVERSION = YES;
				CLANG_WARN_INFINITE_RECURSION = YES;
				CLANG_WARN_INT_CONVERSION = YES;
				CLANG_WARN_NON_LITERAL_NULL_CONVERSION = YES;
				CLANG_WARN_OBJC_IMPLICIT_RETAIN_SELF = YES;
				CLANG_WARN_OBJC_LITERAL_CONVERSION = YES;
				CLANG_WARN_OBJC_ROOT_CLASS = YES_ERROR;
				CLANG_WARN_RANGE_LOOP_ANALYSIS = YES;
				CLANG_WARN_STRICT_PROTOTYPES = YES;
				CLANG_WARN_SUSPICIOUS_MOVE = YES;
				CLANG_WARN_UNGUARDED_AVAILABILITY = YES_AGGRESSIVE;
				CLANG_WARN_UNREACHABLE_CODE = YES;
				CLANG_WARN__DUPLICATE_METHOD_MATCH = YES;
				CODE_SIGN_IDENTITY = "iPhone Developer";
				COPY_PHASE_STRIP = NO;
				DEBUG_INFORMATION_FORMAT = dwarf;
				ENABLE_STRICT_OBJC_MSGSEND = YES;
				ENABLE_TESTABILITY = YES;
				GCC_C_LANGUAGE_STANDARD = gnu11;
				GCC_DYNAMIC_NO_PIC = NO;
				GCC_NO_COMMON_BLOCKS = YES;
				GCC_OPTIMIZATION_LEVEL = 0;
				GCC_PREPROCESSOR_DEFINITIONS = (
					"DEBUG=1",
					"$(inherited)",
				);
				GCC_WARN_64_TO_32_BIT_CONVERSION = YES;
				GCC_WARN_ABOUT_RETURN_TYPE = YES_ERROR;
				GCC_WARN_UNDECLARED_SELECTOR = YES;
				GCC_WARN_UNINITIALIZED_AUTOS = YES_AGGRESSIVE;
				GCC_WARN_UNUSED_FUNCTION = YES;
				GCC_WARN_UNUSED_VARIABLE = YES;
				IPHONEOS_DEPLOYMENT_TARGET = 11.4;
				MTL_ENABLE_DEBUG_INFO = YES;
				ONLY_ACTIVE_ARCH = YES;
				SDKROOT = iphoneos;
				SWIFT_ACTIVE_COMPILATION_CONDITIONS = DEBUG;
				SWIFT_OPTIMIZATION_LEVEL = "-Onone";
			};
			name = Debug;
		};
		CFA41CC620DEB0AE0011EF30 /* Release */ = {
			isa = XCBuildConfiguration;
			buildSettings = {
				ALWAYS_SEARCH_USER_PATHS = NO;
				CLANG_ANALYZER_NONNULL = YES;
				CLANG_ANALYZER_NUMBER_OBJECT_CONVERSION = YES_AGGRESSIVE;
				CLANG_CXX_LANGUAGE_STANDARD = "gnu++14";
				CLANG_CXX_LIBRARY = "libc++";
				CLANG_ENABLE_MODULES = YES;
				CLANG_ENABLE_OBJC_ARC = YES;
				CLANG_ENABLE_OBJC_WEAK = YES;
				CLANG_WARN_BLOCK_CAPTURE_AUTORELEASING = YES;
				CLANG_WARN_BOOL_CONVERSION = YES;
				CLANG_WARN_COMMA = YES;
				CLANG_WARN_CONSTANT_CONVERSION = YES;
				CLANG_WARN_DEPRECATED_OBJC_IMPLEMENTATIONS = YES;
				CLANG_WARN_DIRECT_OBJC_ISA_USAGE = YES_ERROR;
				CLANG_WARN_DOCUMENTATION_COMMENTS = YES;
				CLANG_WARN_EMPTY_BODY = YES;
				CLANG_WARN_ENUM_CONVERSION = YES;
				CLANG_WARN_INFINITE_RECURSION = YES;
				CLANG_WARN_INT_CONVERSION = YES;
				CLANG_WARN_NON_LITERAL_NULL_CONVERSION = YES;
				CLANG_WARN_OBJC_IMPLICIT_RETAIN_SELF = YES;
				CLANG_WARN_OBJC_LITERAL_CONVERSION = YES;
				CLANG_WARN_OBJC_ROOT_CLASS = YES_ERROR;
				CLANG_WARN_RANGE_LOOP_ANALYSIS = YES;
				CLANG_WARN_STRICT_PROTOTYPES = YES;
				CLANG_WARN_SUSPICIOUS_MOVE = YES;
				CLANG_WARN_UNGUARDED_AVAILABILITY = YES_AGGRESSIVE;
				CLANG_WARN_UNREACHABLE_CODE = YES;
				CLANG_WARN__DUPLICATE_METHOD_MATCH = YES;
				CODE_SIGN_IDENTITY = "iPhone Developer";
				COPY_PHASE_STRIP = NO;
				DEBUG_INFORMATION_FORMAT = "dwarf-with-dsym";
				ENABLE_NS_ASSERTIONS = NO;
				ENABLE_STRICT_OBJC_MSGSEND = YES;
				GCC_C_LANGUAGE_STANDARD = gnu11;
				GCC_NO_COMMON_BLOCKS = YES;
				GCC_WARN_64_TO_32_BIT_CONVERSION = YES;
				GCC_WARN_ABOUT_RETURN_TYPE = YES_ERROR;
				GCC_WARN_UNDECLARED_SELECTOR = YES;
				GCC_WARN_UNINITIALIZED_AUTOS = YES_AGGRESSIVE;
				GCC_WARN_UNUSED_FUNCTION = YES;
				GCC_WARN_UNUSED_VARIABLE = YES;
				IPHONEOS_DEPLOYMENT_TARGET = 11.4;
				MTL_ENABLE_DEBUG_INFO = NO;
				SDKROOT = iphoneos;
				SWIFT_COMPILATION_MODE = wholemodule;
				SWIFT_OPTIMIZATION_LEVEL = "-O";
				VALIDATE_PRODUCT = YES;
			};
			name = Release;
		};
		CFA41CC820DEB0AE0011EF30 /* Debug */ = {
			isa = XCBuildConfiguration;
			buildSettings = {
				ASSETCATALOG_COMPILER_APPICON_NAME = AppIcon;
				CODE_SIGN_STYLE = Automatic;
				DEVELOPMENT_TEAM = HJ3N23F853;
				INFOPLIST_FILE = Stock_IEX_API/Info.plist;
				IPHONEOS_DEPLOYMENT_TARGET = 11.3;
				LD_RUNPATH_SEARCH_PATHS = (
					"$(inherited)",
					"@executable_path/Frameworks",
				);
				PRODUCT_BUNDLE_IDENTIFIER = "com.shane.talbert1-gmail.com.Stock-IEX-API";
				PRODUCT_NAME = "$(TARGET_NAME)";
				SWIFT_VERSION = 4.0;
				TARGETED_DEVICE_FAMILY = "1,2";
			};
			name = Debug;
		};
		CFA41CC920DEB0AE0011EF30 /* Release */ = {
			isa = XCBuildConfiguration;
			buildSettings = {
				ASSETCATALOG_COMPILER_APPICON_NAME = AppIcon;
				CODE_SIGN_STYLE = Automatic;
				DEVELOPMENT_TEAM = HJ3N23F853;
				INFOPLIST_FILE = Stock_IEX_API/Info.plist;
				IPHONEOS_DEPLOYMENT_TARGET = 11.3;
				LD_RUNPATH_SEARCH_PATHS = (
					"$(inherited)",
					"@executable_path/Frameworks",
				);
				PRODUCT_BUNDLE_IDENTIFIER = "com.shane.talbert1-gmail.com.Stock-IEX-API";
				PRODUCT_NAME = "$(TARGET_NAME)";
				SWIFT_VERSION = 4.0;
				TARGETED_DEVICE_FAMILY = "1,2";
			};
			name = Release;
		};
/* End XCBuildConfiguration section */

/* Begin XCConfigurationList section */
		CFA41CB020DEB0AC0011EF30 /* Build configuration list for PBXProject "Stock_IEX_API" */ = {
			isa = XCConfigurationList;
			buildConfigurations = (
				CFA41CC520DEB0AE0011EF30 /* Debug */,
				CFA41CC620DEB0AE0011EF30 /* Release */,
			);
			defaultConfigurationIsVisible = 0;
			defaultConfigurationName = Release;
		};
		CFA41CC720DEB0AE0011EF30 /* Build configuration list for PBXNativeTarget "Stock_IEX_API" */ = {
			isa = XCConfigurationList;
			buildConfigurations = (
				CFA41CC820DEB0AE0011EF30 /* Debug */,
				CFA41CC920DEB0AE0011EF30 /* Release */,
			);
			defaultConfigurationIsVisible = 0;
			defaultConfigurationName = Release;
		};
/* End XCConfigurationList section */
	};
	rootObject = CFA41CAD20DEB0AC0011EF30 /* Project object */;
}
